
Microsoft Visual Studio Solution File, Format Version 12.00
# Visual Studio Version 17
VisualStudioVersion = 17.11.35219.272
MinimumVisualStudioVersion = 10.0.40219.1
Project("{FAE04EC0-301F-11D3-BF4B-00C04F79EFBC}") = "Paivakirja", "Paivakirja\Paivakirja.csproj", "{F1746BFC-9DBF-4180-8ABA-00AA821C4508}"
EndProject
Global
	GlobalSection(SolutionConfigurationPlatforms) = preSolution
		Debug|Any CPU = Debug|Any CPU
		Release|Any CPU = Release|Any CPU
	EndGlobalSection
	GlobalSection(ProjectConfigurationPlatforms) = postSolution
		{F1746BFC-9DBF-4180-8ABA-00AA821C4508}.Debug|Any CPU.ActiveCfg = Debug|Any CPU
		{F1746BFC-9DBF-4180-8ABA-00AA821C4508}.Debug|Any CPU.Build.0 = Debug|Any CPU
		{F1746BFC-9DBF-4180-8ABA-00AA821C4508}.Release|Any CPU.ActiveCfg = Release|Any CPU
		{F1746BFC-9DBF-4180-8ABA-00AA821C4508}.Release|Any CPU.Build.0 = Release|Any CPU
	EndGlobalSection
	GlobalSection(SolutionProperties) = preSolution
		HideSolutionNode = FALSE
	EndGlobalSection
	GlobalSection(ExtensibilityGlobals) = postSolution
		SolutionGuid = {E480A619-2BB0-4FB2-8D85-5D6693ADC030}
	EndGlobalSection
EndGlobal
